
Microsoft Visual Studio Solution File, Format Version 12.00
# Visual Studio Version 17
VisualStudioVersion = 17.14.36705.20 d17.14
MinimumVisualStudioVersion = 10.0.40219.1
Project("{FAE04EC0-301F-11D3-BF4B-00C04F79EFBC}") = "calculator 1", "calculator 1\calculator 1.csproj", "{4B06B9EF-1110-48C1-A77F-E740C6F2CD32}"
EndProject
Project("{2150E333-8FDC-42A3-9474-1A3956D46DE8}") = "Solution Items", "Solution Items", "{8EC462FD-D22E-90A8-E5CE-7E832BA40C5D}"
EndProject
Global
	GlobalSection(SolutionConfigurationPlatforms) = preSolution
		Debug|Any CPU = Debug|Any CPU
		Release|Any CPU = Release|Any CPU
	EndGlobalSection
	GlobalSection(ProjectConfigurationPlatforms) = postSolution
		{4B06B9EF-1110-48C1-A77F-E740C6F2CD32}.Debug|Any CPU.ActiveCfg = Debug|Any CPU
		{4B06B9EF-1110-48C1-A77F-E740C6F2CD32}.Debug|Any CPU.Build.0 = Debug|Any CPU
		{4B06B9EF-1110-48C1-A77F-E740C6F2CD32}.Release|Any CPU.ActiveCfg = Release|Any CPU
		{4B06B9EF-1110-48C1-A77F-E740C6F2CD32}.Release|Any CPU.Build.0 = Release|Any CPU
	EndGlobalSection
	GlobalSection(SolutionProperties) = preSolution
		HideSolutionNode = FALSE
	EndGlobalSection
	GlobalSection(ExtensibilityGlobals) = postSolution
		SolutionGuid = {5F03904F-4186-45BF-B2C5-5CC8DE949435}
	EndGlobalSection
EndGlobal
